
Microsoft Visual Studio Solution File, Format Version 12.00
# Visual Studio 15
VisualStudioVersion = 15.0.28307.572
MinimumVisualStudioVersion = 10.0.40219.1
Project("{FAE04EC0-301F-11D3-BF4B-00C04F79EFBC}") = "LetsChatServer", "LetsChatServer\LetsChatServer.csproj", "{46F0DB81-6473-407D-BD1D-0DA4D82D50C2}"
EndProject
Project("{FAE04EC0-301F-11D3-BF4B-00C04F79EFBC}") = "LetsChatClient", "LetsChatClient\LetsChatClient.csproj", "{18B714B7-D91C-4530-B26F-CF73609592D7}"
EndProject
Global
	GlobalSection(SolutionConfigurationPlatforms) = preSolution
		Debug|Any CPU = Debug|Any CPU
		Release|Any CPU = Release|Any CPU
	EndGlobalSection
	GlobalSection(ProjectConfigurationPlatforms) = postSolution
		{46F0DB81-6473-407D-BD1D-0DA4D82D50C2}.Debug|Any CPU.ActiveCfg = Debug|Any CPU
		{46F0DB81-6473-407D-BD1D-0DA4D82D50C2}.Debug|Any CPU.Build.0 = Debug|Any CPU
		{46F0DB81-6473-407D-BD1D-0DA4D82D50C2}.Release|Any CPU.ActiveCfg = Release|Any CPU
		{46F0DB81-6473-407D-BD1D-0DA4D82D50C2}.Release|Any CPU.Build.0 = Release|Any CPU
		{18B714B7-D91C-4530-B26F-CF73609592D7}.Debug|Any CPU.ActiveCfg = Debug|Any CPU
		{18B714B7-D91C-4530-B26F-CF73609592D7}.Debug|Any CPU.Build.0 = Debug|Any CPU
		{18B714B7-D91C-4530-B26F-CF73609592D7}.Release|Any CPU.ActiveCfg = Release|Any CPU
		{18B714B7-D91C-4530-B26F-CF73609592D7}.Release|Any CPU.Build.0 = Release|Any CPU
	EndGlobalSection
	GlobalSection(SolutionProperties) = preSolution
		HideSolutionNode = FALSE
	EndGlobalSection
	GlobalSection(ExtensibilityGlobals) = postSolution
		SolutionGuid = {1E85664B-582D-408A-A27D-E11405204EA9}
	EndGlobalSection
EndGlobal
